# THIS IS AN AUTOGENERATED FILE. DO NOT EDIT THIS FILE DIRECTLY.
# yarn lockfile v1


ansi-styles@^3.2.1:
  version "3.2.1"
  resolved "https://registry.yarnpkg.com/ansi-styles/-/ansi-styles-3.2.1.tgz#41fbb20243e50b12be0f04b8dedbf07520ce841d"
  dependencies:
    color-convert "^1.9.0"

buble@^0.19.6:
  version "0.19.6"
  resolved "https://registry.yarnpkg.com/buble/-/buble-0.19.6.tgz#915909b6bd5b11ee03b1c885ec914a8b974d34d3"
  dependencies:
    chalk "^2.4.1"
    magic-string "^0.25.1"
    minimist "^1.2.0"
    os-homedir "^1.0.1"
    regexpu-core "^4.2.0"
    vlq "^1.0.0"

chalk@^2.4.1:
  version "2.4.1"
  resolved "https://registry.yarnpkg.com/chalk/-/chalk-2.4.1.tgz#18c49ab16a037b6eb0152cc83e3471338215b66e"
  dependencies:
    ansi-styles "^3.2.1"
    escape-string-regexp "^1.0.5"
    supports-color "^5.3.0"

color-convert@^1.9.0:
  version "1.9.3"
  resolved "https://registry.yarnpkg.com/color-convert/-/color-convert-1.9.3.tgz#bb71850690e1f136567de629d2d5471deda4c1e8"
  dependencies:
    color-name "1.1.3"

color-name@1.1.3:
  version "1.1.3"
  resolved "https://registry.yarnpkg.com/color-name/-/color-name-1.1.3.tgz#a7d0558bd89c42f795dd42328f740831ca53bc25"

core-js@^2.5.7:
  version "2.5.7"
  resolved "https://registry.yarnpkg.com/core-js/-/core-js-2.5.7.tgz#f972608ff0cead68b841a16a932d0b183791814e"

escape-string-regexp@^1.0.5:
  version "1.0.5"
  resolved "https://registry.yarnpkg.com/escape-string-regexp/-/escape-string-regexp-1.0.5.tgz#1b61c0562190a8dff6ae3bb2cf0200ca130b86d4"

has-flag@^3.0.0:
  version "3.0.0"
  resolved "https://registry.yarnpkg.com/has-flag/-/has-flag-3.0.0.tgz#b5d454dc2199ae225699f3467e5a07f3b955bafd"

jsesc@~0.5.0:
  version "0.5.0"
  resolved "http://registry.npmjs.org/jsesc/-/jsesc-0.5.0.tgz#e7dee66e35d6fc16f710fe91d5cf69f70f08911d"

magic-string@^0.25.1:
  version "0.25.1"
  resolved "https://registry.yarnpkg.com/magic-string/-/magic-string-0.25.1.tgz#b1c248b399cd7485da0fe7385c2fc7011843266e"
  dependencies:
    sourcemap-codec "^1.4.1"

minimist@^1.2.0:
  version "1.2.0"
  resolved "http://registry.npmjs.org/minimist/-/minimist-1.2.0.tgz#a35008b20f41383eec1fb914f4cd5df79a264284"

mobx@^5.6.0:
  version "5.6.0"
  resolved "https://registry.yarnpkg.com/mobx/-/mobx-5.6.0.tgz#e381c357e0ed7685a99a896455ecc66ff5ab84ee"

os-homedir@^1.0.1:
  version "1.0.2"
  resolved "http://registry.npmjs.org/os-homedir/-/os-homedir-1.0.2.tgz#ffbc4988336e0e833de0c168c7ef152121aa7fb3"

regenerate-unicode-properties@^7.0.0:
  version "7.0.0"
  resolved "https://registry.yarnpkg.com/regenerate-unicode-properties/-/regenerate-unicode-properties-7.0.0.tgz#107405afcc4a190ec5ed450ecaa00ed0cafa7a4c"
  dependencies:
    regenerate "^1.4.0"

regenerate@^1.4.0:
  version "1.4.0"
  resolved "https://registry.yarnpkg.com/regenerate/-/regenerate-1.4.0.tgz#4a856ec4b56e4077c557589cae85e7a4c8869a11"

regexpu-core@^4.2.0:
  version "4.2.0"
  resolved "https://registry.yarnpkg.com/regexpu-core/-/regexpu-core-4.2.0.tgz#a3744fa03806cffe146dea4421a3e73bdcc47b1d"
  dependencies:
    regenerate "^1.4.0"
    regenerate-unicode-properties "^7.0.0"
    regjsgen "^0.4.0"
    regjsparser "^0.3.0"
    unicode-match-property-ecmascript "^1.0.4"
    unicode-match-property-value-ecmascript "^1.0.2"

regjsgen@^0.4.0:
  version "0.4.0"
  resolved "https://registry.yarnpkg.com/regjsgen/-/regjsgen-0.4.0.tgz#c1eb4c89a209263f8717c782591523913ede2561"

regjsparser@^0.3.0:
  version "0.3.0"
  resolved "https://registry.yarnpkg.com/regjsparser/-/regjsparser-0.3.0.tgz#3c326da7fcfd69fa0d332575a41c8c0cdf588c96"
  dependencies:
    jsesc "~0.5.0"

sourcemap-codec@^1.4.1:
  version "1.4.4"
  resolved "https://registry.yarnpkg.com/sourcemap-codec/-/sourcemap-codec-1.4.4.tgz#c63ea927c029dd6bd9a2b7fa03b3fec02ad56e9f"

supports-color@^5.3.0:
  version "5.5.0"
  resolved "https://registry.yarnpkg.com/supports-color/-/supports-color-5.5.0.tgz#e2e69a44ac8772f78a1ec0b35b689df6530efc8f"
  dependencies:
    has-flag "^3.0.0"

unicode-canonical-property-names-ecmascript@^1.0.4:
  version "1.0.4"
  resolved "https://registry.yarnpkg.com/unicode-canonical-property-names-ecmascript/-/unicode-canonical-property-names-ecmascript-1.0.4.tgz#2619800c4c825800efdd8343af7dd9933cbe2818"

unicode-match-property-ecmascript@^1.0.4:
  version "1.0.4"
  resolved "https://registry.yarnpkg.com/unicode-match-property-ecmascript/-/unicode-match-property-ecmascript-1.0.4.tgz#8ed2a32569961bce9227d09cd3ffbb8fed5f020c"
  dependencies:
    unicode-canonical-property-names-ecmascript "^1.0.4"
    unicode-property-aliases-ecmascript "^1.0.4"

unicode-match-property-value-ecmascript@^1.0.2:
  version "1.0.2"
  resolved "https://registry.yarnpkg.com/unicode-match-property-value-ecmascript/-/unicode-match-property-value-ecmascript-1.0.2.tgz#9f1dc76926d6ccf452310564fd834ace059663d4"

unicode-property-aliases-ecmascript@^1.0.4:
  version "1.0.4"
  resolved "https://registry.yarnpkg.com/unicode-property-aliases-ecmascript/-/unicode-property-aliases-ecmascript-1.0.4.tgz#5a533f31b4317ea76f17d807fa0d116546111dd0"

vlq@^1.0.0:
  version "1.0.0"
  resolved "https://registry.yarnpkg.com/vlq/-/vlq-1.0.0.tgz#8101be90843422954c2b13eb27f2f3122bdcc806"
